// !$*UTF8*$!
{
	archiveVersion = 1;
	classes = {
	};
	objectVersion = 48;
	objects = {

/* Begin PBXBuildFile section */
		70796481207F96E500F22671 /* AppDelegate.m in Sources */ = {isa = PBXBuildFile; fileRef = 70796480207F96E500F22671 /* AppDelegate.m */; };
		70796484207F96E500F22671 /* ViewController.m in Sources */ = {isa = PBXBuildFile; fileRef = 70796483207F96E500F22671 /* ViewController.m */; };
		70796487207F96E500F22671 /* Main.storyboard in Resources */ = {isa = PBXBuildFile; fileRef = 70796485207F96E500F22671 /* Main.storyboard */; };
		70796489207F96E500F22671 /* Assets.xcassets in Resources */ = {isa = PBXBuildFile; fileRef = 70796488207F96E500F22671 /* Assets.xcassets */; };
		7079648C207F96E500F22671 /* LaunchScreen.storyboard in Resources */ = {isa = PBXBuildFile; fileRef = 7079648A207F96E500F22671 /* LaunchScreen.storyboard */; };
		7079648F207F96E500F22671 /* main.m in Sources */ = {isa = PBXBuildFile; fileRef = 7079648E207F96E500F22671 /* main.m */; };
		70796499207F96E500F22671 /* demoTests.m in Sources */ = {isa = PBXBuildFile; fileRef = 70796498207F96E500F22671 /* demoTests.m */; };
		707964A4207F96E600F22671 /* demoUITests.m in Sources */ = {isa = PBXBuildFile; fileRef = 707964A3207F96E600F22671 /* demoUITests.m */; };
/* End PBXBuildFile section */

/* Begin PBXContainerItemProxy section */
		70796495207F96E500F22671 /* PBXContainerItemProxy */ = {
			isa = PBXContainerItemProxy;
			containerPortal = 70796474207F96E500F22671 /* Project object */;
			proxyType = 1;
			remoteGlobalIDString = 7079647B207F96E500F22671;
			remoteInfo = demo;
		};
		707964A0207F96E600F22671 /* PBXContainerItemProxy */ = {
			isa = PBXContainerItemProxy;
			containerPortal = 70796474207F96E500F22671 /* Project object */;
			proxyType = 1;
			remoteGlobalIDString = 7079647B207F96E500F22671;
			remoteInfo = demo;
		};
/* End PBXContainerItemProxy section */

/* Begin PBXFileReference section */
		7079647C207F96E500F22671 /* demo.app */ = {isa = PBXFileReference; explicitFileType = wrapper.application; includeInIndex = 0; path = demo.app; sourceTree = BUILT_PRODUCTS_DIR; };
		7079647F207F96E500F22671 /* AppDelegate.h */ = {isa = PBXFileReference; lastKnownFileType = sourcecode.c.h; path = AppDelegate.h; sourceTree = "<group>"; };
		70796480207F96E500F22671 /* AppDelegate.m */ = {isa = PBXFileReference; lastKnownFileType = sourcecode.c.objc; path = AppDelegate.m; sourceTree = "<group>"; };
		70796482207F96E500F22671 /* ViewController.h */ = {isa = PBXFileReference; lastKnownFileType = sourcecode.c.h; path = ViewController.h; sourceTree = "<group>"; };
		70796483207F96E500F22671 /* ViewController.m */ = {isa = PBXFileReference; lastKnownFileType = sourcecode.c.objc; path = ViewController.m; sourceTree = "<group>"; };
		70796486207F96E500F22671 /* Base */ = {isa = PBXFileReference; lastKnownFileType = file.storyboard; name = Base; path = Base.lproj/Main.storyboard; sourceTree = "<group>"; };
		70796488207F96E500F22671 /* Assets.xcassets */ = {isa = PBXFileReference; lastKnownFileType = folder.assetcatalog; path = Assets.xcassets; sourceTree = "<group>"; };
		7079648B207F96E500F22671 /* Base */ = {isa = PBXFileReference; lastKnownFileType = file.storyboard; name = Base; path = Base.lproj/LaunchScreen.storyboard; sourceTree = "<group>"; };
		7079648D207F96E500F22671 /* Info.plist */ = {isa = PBXFileReference; lastKnownFileType = text.plist.xml; path = Info.plist; sourceTree = "<group>"; };
		7079648E207F96E500F22671 /* main.m */ = {isa = PBXFileReference; lastKnownFileType = sourcecode.c.objc; path = main.m; sourceTree = "<group>"; };
		70796494207F96E500F22671 /* demoTests.xctest */ = {isa = PBXFileReference; explicitFileType = wrapper.cfbundle; includeInIndex = 0; path = demoTests.xctest; sourceTree = BUILT_PRODUCTS_DIR; };
		70796498207F96E500F22671 /* demoTests.m */ = {isa = PBXFileReference; lastKnownFileType = sourcecode.c.objc; path = demoTests.m; sourceTree = "<group>"; };
		7079649A207F96E500F22671 /* Info.plist */ = {isa = PBXFileReference; lastKnownFileType = text.plist.xml; path = Info.plist; sourceTree = "<group>"; };
		7079649F207F96E600F22671 /* demoUITests.xctest */ = {isa = PBXFileReference; explicitFileType = wrapper.cfbundle; includeInIndex = 0; path = demoUITests.xctest; sourceTree = BUILT_PRODUCTS_DIR; };
		707964A3207F96E600F22671 /* demoUITests.m */ = {isa = PBXFileReference; lastKnownFileType = sourcecode.c.objc; path = demoUITests.m; sourceTree = "<group>"; };
		707964A5207F96E600F22671 /* Info.plist */ = {isa = PBXFileReference; lastKnownFileType = text.plist.xml; path = Info.plist; sourceTree = "<group>"; };
/* End PBXFileReference section */

/* Begin PBXFrameworksBuildPhase section */
		70796479207F96E500F22671 /* Frameworks */ = {
			isa = PBXFrameworksBuildPhase;
			buildActionMask = 2147483647;
			files = (
			);
			runOnlyForDeploymentPostprocessing = 0;
		};
		70796491207F96E500F22671 /* Frameworks */ = {
			isa = PBXFrameworksBuildPhase;
			buildActionMask = 2147483647;
			files = (
			);
			runOnlyForDeploymentPostprocessing = 0;
		};
		7079649C207F96E600F22671 /* Frameworks */ = {
			isa = PBXFrameworksBuildPhase;
			buildActionMask = 2147483647;
			files = (
			);
			runOnlyForDeploymentPostprocessing = 0;
		};
/* End PBXFrameworksBuildPhase section */

/* Begin PBXGroup section */
		70796473207F96E500F22671 = {
			isa = PBXGroup;
			children = (
				7079647E207F96E500F22671 /* demo */,
				70796497207F96E500F22671 /* demoTests */,
				707964A2207F96E600F22671 /* demoUITests */,
				7079647D207F96E500F22671 /* Products */,
			);
			sourceTree = "<group>";
		};
		7079647D207F96E500F22671 /* Products */ = {
			isa = PBXGroup;
			children = (
				7079647C207F96E500F22671 /* demo.app */,
				70796494207F96E500F22671 /* demoTests.xctest */,
				7079649F207F96E600F22671 /* demoUITests.xctest */,
			);
			name = Products;
			sourceTree = "<group>";
		};
		7079647E207F96E500F22671 /* demo */ = {
			isa = PBXGroup;
			children = (
				7079647F207F96E500F22671 /* AppDelegate.h */,
				70796480207F96E500F22671 /* AppDelegate.m */,
				70796482207F96E500F22671 /* ViewController.h */,
				70796483207F96E500F22671 /* ViewController.m */,
				70796485207F96E500F22671 /* Main.storyboard */,
				70796488207F96E500F22671 /* Assets.xcassets */,
				7079648A207F96E500F22671 /* LaunchScreen.storyboard */,
				7079648D207F96E500F22671 /* Info.plist */,
				7079648E207F96E500F22671 /* main.m */,
			);
			path = demo;
			sourceTree = "<group>";
		};
		70796497207F96E500F22671 /* demoTests */ = {
			isa = PBXGroup;
			children = (
				70796498207F96E500F22671 /* demoTests.m */,
				7079649A207F96E500F22671 /* Info.plist */,
			);
			path = demoTests;
			sourceTree = "<group>";
		};
		707964A2207F96E600F22671 /* demoUITests */ = {
			isa = PBXGroup;
			children = (
				707964A3207F96E600F22671 /* demoUITests.m */,
				707964A5207F96E600F22671 /* Info.plist */,
			);
			path = demoUITests;
			sourceTree = "<group>";
		};
/* End PBXGroup section */

/* Begin PBXNativeTarget section */
		7079647B207F96E500F22671 /* demo */ = {
			isa = PBXNativeTarget;
			buildConfigurationList = 707964A8207F96E600F22671 /* Build configuration list for PBXNativeTarget "demo" */;
			buildPhases = (
				70796478207F96E500F22671 /* Sources */,
				70796479207F96E500F22671 /* Frameworks */,
				7079647A207F96E500F22671 /* Resources */,
			);
			buildRules = (
			);
			dependencies = (
			);
			name = demo;
			productName = demo;
			productReference = 7079647C207F96E500F22671 /* demo.app */;
			productType = "com.apple.product-type.application";
		};
		70796493207F96E500F22671 /* demoTests */ = {
			isa = PBXNativeTarget;
			buildConfigurationList = 707964AB207F96E600F22671 /* Build configuration list for PBXNativeTarget "demoTests" */;
			buildPhases = (
				70796490207F96E500F22671 /* Sources */,
				70796491207F96E500F22671 /* Frameworks */,
				70796492207F96E500F22671 /* Resources */,
			);
			buildRules = (
			);
			dependencies = (
				70796496207F96E500F22671 /* PBXTargetDependency */,
			);
			name = demoTests;
			productName = demoTests;
			productReference = 70796494207F96E500F22671 /* demoTests.xctest */;
			productType = "com.apple.product-type.bundle.unit-test";
		};
		7079649E207F96E600F22671 /* demoUITests */ = {
			isa = PBXNativeTarget;
			buildConfigurationList = 707964AE207F96E600F22671 /* Build configuration list for PBXNativeTarget "demoUITests" */;
			buildPhases = (
				7079649B207F96E600F22671 /* Sources */,
				7079649C207F96E600F22671 /* Frameworks */,
				7079649D207F96E600F22671 /* Resources */,
			);
			buildRules = (
			);
			dependencies = (
				707964A1207F96E600F22671 /* PBXTargetDependency */,
			);
			name = demoUITests;
			productName = demoUITests;
			productReference = 7079649F207F96E600F22671 /* demoUITests.xctest */;
			productType = "com.apple.product-type.bundle.ui-testing";
		};
/* End PBXNativeTarget section */

/* Begin PBXProject section */
		70796474207F96E500F22671 /* Project object */ = {
			isa = PBXProject;
			attributes = {
				LastUpgradeCheck = 0920;
				ORGANIZATIONNAME = "王充";
				TargetAttributes = {
					7079647B207F96E500F22671 = {
						CreatedOnToolsVersion = 9.2;
						ProvisioningStyle = Automatic;
					};
					70796493207F96E500F22671 = {
						CreatedOnToolsVersion = 9.2;
						ProvisioningStyle = Automatic;
						TestTargetID = 7079647B207F96E500F22671;
					};
					7079649E207F96E600F22671 = {
						CreatedOnToolsVersion = 9.2;
						ProvisioningStyle = Automatic;
						TestTargetID = 7079647B207F96E500F22671;
					};
				};
			};
			buildConfigurationList = 70796477207F96E500F22671 /* Build configuration list for PBXProject "demo" */;
			compatibilityVersion = "Xcode 8.0";
			developmentRegion = en;
			hasScannedForEncodings = 0;
			knownRegions = (
				en,
				Base,
			);
			mainGroup = 70796473207F96E500F22671;
			productRefGroup = 7079647D207F96E500F22671 /* Products */;
			projectDirPath = "";
			projectRoot = "";
			targets = (
				7079647B207F96E500F22671 /* demo */,
				70796493207F96E500F22671 /* demoTests */,
				7079649E207F96E600F22671 /* demoUITests */,
			);
		};
/* End PBXProject section */

/* Begin PBXResourcesBuildPhase section */
		7079647A207F96E500F22671 /* Resources */ = {
			isa = PBXResourcesBuildPhase;
			buildActionMask = 2147483647;
			files = (
				7079648C207F96E500F22671 /* LaunchScreen.storyboard in Resources */,
				70796489207F96E500F22671 /* Assets.xcassets in Resources */,
				70796487207F96E500F22671 /* Main.storyboard in Resources */,
			);
			runOnlyForDeploymentPostprocessing = 0;
		};
		70796492207F96E500F22671 /* Resources */ = {
			isa = PBXResourcesBuildPhase;
			buildActionMask = 2147483647;
			files = (
			);
			runOnlyForDeploymentPostprocessing = 0;
		};
		7079649D207F96E600F22671 /* Resources */ = {
			isa = PBXResourcesBuildPhase;
			buildActionMask = 2147483647;
			files = (
			);
			runOnlyForDeploymentPostprocessing = 0;
		};
/* End PBXResourcesBuildPhase section */

/* Begin PBXSourcesBuildPhase section */
		70796478207F96E500F22671 /* Sources */ = {
			isa = PBXSourcesBuildPhase;
			buildActionMask = 2147483647;
			files = (
				70796484207F96E500F22671 /* ViewController.m in Sources */,
				7079648F207F96E500F22671 /* main.m in Sources */,
				70796481207F96E500F22671 /* AppDelegate.m in Sources */,
			);
			runOnlyForDeploymentPostprocessing = 0;
		};
		70796490207F96E500F22671 /* Sources */ = {
			isa = PBXSourcesBuildPhase;
			buildActionMask = 2147483647;
			files = (
				70796499207F96E500F22671 /* demoTests.m in Sources */,
			);
			runOnlyForDeploymentPostprocessing = 0;
		};
		7079649B207F96E600F22671 /* Sources */ = {
			isa = PBXSourcesBuildPhase;
			buildActionMask = 2147483647;
			files = (
				707964A4207F96E600F22671 /* demoUITests.m in Sources */,
			);
			runOnlyForDeploymentPostprocessing = 0;
		};
/* End PBXSourcesBuildPhase section */

/* Begin PBXTargetDependency section */
		70796496207F96E500F22671 /* PBXTargetDependency */ = {
			isa = PBXTargetDependency;
			target = 7079647B207F96E500F22671 /* demo */;
			targetProxy = 70796495207F96E500F22671 /* PBXContainerItemProxy */;
		};
		707964A1207F96E600F22671 /* PBXTargetDependency */ = {
			isa = PBXTargetDependency;
			target = 7079647B207F96E500F22671 /* demo */;
			targetProxy = 707964A0207F96E600F22671 /* PBXContainerItemProxy */;
		};
/* End PBXTargetDependency section */

/* Begin PBXVariantGroup section */
		70796485207F96E500F22671 /* Main.storyboard */ = {
			isa = PBXVariantGroup;
			children = (
				70796486207F96E500F22671 /* Base */,
			);
			name = Main.storyboard;
			sourceTree = "<group>";
		};
		7079648A207F96E500F22671 /* LaunchScreen.storyboard */ = {
			isa = PBXVariantGroup;
			children = (
				7079648B207F96E500F22671 /* Base */,
			);
			name = LaunchScreen.storyboard;
			sourceTree = "<group>";
		};
/* End PBXVariantGroup section */

/* Begin XCBuildConfiguration section */
		707964A6207F96E600F22671 /* Debug */ = {
			isa = XCBuildConfiguration;
			buildSettings = {
				ALWAYS_SEARCH_USER_PATHS = NO;
				CLANG_ANALYZER_NONNULL = YES;
				CLANG_ANALYZER_NUMBER_OBJECT_CONVERSION = YES_AGGRESSIVE;
				CLANG_CXX_LANGUAGE_STANDARD = "gnu++14";
				CLANG_CXX_LIBRARY = "libc++";
				CLANG_ENABLE_MODULES = YES;
				CLANG_ENABLE_OBJC_ARC = YES;
				CLANG_WARN_BLOCK_CAPTURE_AUTORELEASING = YES;
				CLANG_WARN_BOOL_CONVERSION = YES;
				CLANG_WARN_COMMA = YES;
				CLANG_WARN_CONSTANT_CONVERSION = YES;
				CLANG_WARN_DIRECT_OBJC_ISA_USAGE = YES_ERROR;
				CLANG_WARN_DOCUMENTATION_COMMENTS = YES;
				CLANG_WARN_EMPTY_BODY = YES;
				CLANG_WARN_ENUM_CONVERSION = YES;
				CLANG_WARN_INFINITE_RECURSION = YES;
				CLANG_WARN_INT_CONVERSION = YES;
				CLANG_WARN_NON_LITERAL_NULL_CONVERSION = YES;
				CLANG_WARN_OBJC_LITERAL_CONVERSION = YES;
				CLANG_WARN_OBJC_ROOT_CLASS = YES_ERROR;
				CLANG_WARN_RANGE_LOOP_ANALYSIS = YES;
				CLANG_WARN_STRICT_PROTOTYPES = YES;
				CLANG_WARN_SUSPICIOUS_MOVE = YES;
				CLANG_WARN_UNGUARDED_AVAILABILITY = YES_AGGRESSIVE;
				CLANG_WARN_UNREACHABLE_CODE = YES;
				CLANG_WARN__DUPLICATE_METHOD_MATCH = YES;
				CODE_SIGN_IDENTITY = "iPhone Developer";
				COPY_PHASE_STRIP = NO;
				DEBUG_INFORMATION_FORMAT = dwarf;
				ENABLE_STRICT_OBJC_MSGSEND = YES;
				ENABLE_TESTABILITY = YES;
				GCC_C_LANGUAGE_STANDARD = gnu11;
				GCC_DYNAMIC_NO_PIC = NO;
				GCC_NO_COMMON_BLOCKS = YES;
				GCC_OPTIMIZATION_LEVEL = 0;
				GCC_PREPROCESSOR_DEFINITIONS = (
					"DEBUG=1",
					"$(inherited)",
				);
				GCC_WARN_64_TO_32_BIT_CONVERSION = YES;
				GCC_WARN_ABOUT_RETURN_TYPE = YES_ERROR;
				GCC_WARN_UNDECLARED_SELECTOR = YES;
				GCC_WARN_UNINITIALIZED_AUTOS = YES_AGGRESSIVE;
				GCC_WARN_UNUSED_FUNCTION = YES;
				GCC_WARN_UNUSED_VARIABLE = YES;
				IPHONEOS_DEPLOYMENT_TARGET = 11.2;
				MTL_ENABLE_DEBUG_INFO = YES;
				ONLY_ACTIVE_ARCH = YES;
				SDKROOT = iphoneos;
			};
			name = Debug;
		};
		707964A7207F96E600F22671 /* Release */ = {
			isa = XCBuildConfiguration;
			buildSettings = {
				ALWAYS_SEARCH_USER_PATHS = NO;
				CLANG_ANALYZER_NONNULL = YES;
				CLANG_ANALYZER_NUMBER_OBJECT_CONVERSION = YES_AGGRESSIVE;
				CLANG_CXX_LANGUAGE_STANDARD = "gnu++14";
				CLANG_CXX_LIBRARY = "libc++";
				CLANG_ENABLE_MODULES = YES;
				CLANG_ENABLE_OBJC_ARC = YES;
				CLANG_WARN_BLOCK_CAPTURE_AUTORELEASING = YES;
				CLANG_WARN_BOOL_CONVERSION = YES;
				CLANG_WARN_COMMA = YES;
				CLANG_WARN_CONSTANT_CONVERSION = YES;
				CLANG_WARN_DIRECT_OBJC_ISA_USAGE = YES_ERROR;
				CLANG_WARN_DOCUMENTATION_COMMENTS = YES;
				CLANG_WARN_EMPTY_BODY = YES;
				CLANG_WARN_ENUM_CONVERSION = YES;
				CLANG_WARN_INFINITE_RECURSION = YES;
				CLANG_WARN_INT_CONVERSION = YES;
				CLANG_WARN_NON_LITERAL_NULL_CONVERSION = YES;
				CLANG_WARN_OBJC_LITERAL_CONVERSION = YES;
				CLANG_WARN_OBJC_ROOT_CLASS = YES_ERROR;
				CLANG_WARN_RANGE_LOOP_ANALYSIS = YES;
				CLANG_WARN_STRICT_PROTOTYPES = YES;
				CLANG_WARN_SUSPICIOUS_MOVE = YES;
				CLANG_WARN_UNGUARDED_AVAILABILITY = YES_AGGRESSIVE;
				CLANG_WARN_UNREACHABLE_CODE = YES;
				CLANG_WARN__DUPLICATE_METHOD_MATCH = YES;
				CODE_SIGN_IDENTITY = "iPhone Developer";
				COPY_PHASE_STRIP = NO;
				DEBUG_INFORMATION_FORMAT = "dwarf-with-dsym";
				ENABLE_NS_ASSERTIONS = NO;
				ENABLE_STRICT_OBJC_MSGSEND = YES;
				GCC_C_LANGUAGE_STANDARD = gnu11;
				GCC_NO_COMMON_BLOCKS = YES;
				GCC_WARN_64_TO_32_BIT_CONVERSION = YES;
				GCC_WARN_ABOUT_RETURN_TYPE = YES_ERROR;
				GCC_WARN_UNDECLARED_SELECTOR = YES;
				GCC_WARN_UNINITIALIZED_AUTOS = YES_AGGRESSIVE;
				GCC_WARN_UNUSED_FUNCTION = YES;
				GCC_WARN_UNUSED_VARIABLE = YES;
				IPHONEOS_DEPLOYMENT_TARGET = 11.2;
				MTL_ENABLE_DEBUG_INFO = NO;
				SDKROOT = iphoneos;
				VALIDATE_PRODUCT = YES;
			};
			name = Release;
		};
		707964A9207F96E600F22671 /* Debug */ = {
			isa = XCBuildConfiguration;
			buildSettings = {
				ASSETCATALOG_COMPILER_APPICON_NAME = AppIcon;
				CODE_SIGN_STYLE = Automatic;
				INFOPLIST_FILE = demo/Info.plist;
				LD_RUNPATH_SEARCH_PATHS = "$(inherited) @executable_path/Frameworks";
				PRODUCT_BUNDLE_IDENTIFIER = wangchong.demo;
				PRODUCT_NAME = "$(TARGET_NAME)";
				TARGETED_DEVICE_FAMILY = "1,2";
			};
			name = Debug;
		};
		707964AA207F96E600F22671 /* Release */ = {
			isa = XCBuildConfiguration;
			buildSettings = {
				ASSETCATALOG_COMPILER_APPICON_NAME = AppIcon;
				CODE_SIGN_STYLE = Automatic;
				INFOPLIST_FILE = demo/Info.plist;
				LD_RUNPATH_SEARCH_PATHS = "$(inherited) @executable_path/Frameworks";
				PRODUCT_BUNDLE_IDENTIFIER = wangchong.demo;
				PRODUCT_NAME = "$(TARGET_NAME)";
				TARGETED_DEVICE_FAMILY = "1,2";
			};
			name = Release;
		};
		707964AC207F96E600F22671 /* Debug */ = {
			isa = XCBuildConfiguration;
			buildSettings = {
				BUNDLE_LOADER = "$(TEST_HOST)";
				CODE_SIGN_STYLE = Automatic;
				INFOPLIST_FILE = demoTests/Info.plist;
				LD_RUNPATH_SEARCH_PATHS = "$(inherited) @executable_path/Frameworks @loader_path/Frameworks";
				PRODUCT_BUNDLE_IDENTIFIER = wangchong.demoTests;
				PRODUCT_NAME = "$(TARGET_NAME)";
				TARGETED_DEVICE_FAMILY = "1,2";
				TEST_HOST = "$(BUILT_PRODUCTS_DIR)/demo.app/demo";
			};
			name = Debug;
		};
		707964AD207F96E600F22671 /* Release */ = {
			isa = XCBuildConfiguration;
			buildSettings = {
				BUNDLE_LOADER = "$(TEST_HOST)";
				CODE_SIGN_STYLE = Automatic;
				INFOPLIST_FILE = demoTests/Info.plist;
				LD_RUNPATH_SEARCH_PATHS = "$(inherited) @executable_path/Frameworks @loader_path/Frameworks";
				PRODUCT_BUNDLE_IDENTIFIER = wangchong.demoTests;
				PRODUCT_NAME = "$(TARGET_NAME)";
				TARGETED_DEVICE_FAMILY = "1,2";
				TEST_HOST = "$(BUILT_PRODUCTS_DIR)/demo.app/demo";
			};
			name = Release;
		};
		707964AF207F96E600F22671 /* Debug */ = {
			isa = XCBuildConfiguration;
			buildSettings = {
				CODE_SIGN_STYLE = Automatic;
				INFOPLIST_FILE = demoUITests/Info.plist;
				LD_RUNPATH_SEARCH_PATHS = "$(inherited) @executable_path/Frameworks @loader_path/Frameworks";
				PRODUCT_BUNDLE_IDENTIFIER = wangchong.demoUITests;
				PRODUCT_NAME = "$(TARGET_NAME)";
				TARGETED_DEVICE_FAMILY = "1,2";
				TEST_TARGET_NAME = demo;
			};
			name = Debug;
		};
		707964B0207F96E600F22671 /* Release */ = {
			isa = XCBuildConfiguration;
			buildSettings = {
				CODE_SIGN_STYLE = Automatic;
				INFOPLIST_FILE = demoUITests/Info.plist;
				LD_RUNPATH_SEARCH_PATHS = "$(inherited) @executable_path/Frameworks @loader_path/Frameworks";
				PRODUCT_BUNDLE_IDENTIFIER = wangchong.demoUITests;
				PRODUCT_NAME = "$(TARGET_NAME)";
				TARGETED_DEVICE_FAMILY = "1,2";
				TEST_TARGET_NAME = demo;
			};
			name = Release;
		};
/* End XCBuildConfiguration section */

/* Begin XCConfigurationList section */
		70796477207F96E500F22671 /* Build configuration list for PBXProject "demo" */ = {
			isa = XCConfigurationList;
			buildConfigurations = (
				707964A6207F96E600F22671 /* Debug */,
				707964A7207F96E600F22671 /* Release */,
			);
			defaultConfigurationIsVisible = 0;
			defaultConfigurationName = Release;
		};
		707964A8207F96E600F22671 /* Build configuration list for PBXNativeTarget "demo" */ = {
			isa = XCConfigurationList;
			buildConfigurations = (
				707964A9207F96E600F22671 /* Debug */,
				707964AA207F96E600F22671 /* Release */,
			);
			defaultConfigurationIsVisible = 0;
			defaultConfigurationName = Release;
		};
		707964AB207F96E600F22671 /* Build configuration list for PBXNativeTarget "demoTests" */ = {
			isa = XCConfigurationList;
			buildConfigurations = (
				707964AC207F96E600F22671 /* Debug */,
				707964AD207F96E600F22671 /* Release */,
			);
			defaultConfigurationIsVisible = 0;
			defaultConfigurationName = Release;
		};
		707964AE207F96E600F22671 /* Build configuration list for PBXNativeTarget "demoUITests" */ = {
			isa = XCConfigurationList;
			buildConfigurations = (
				707964AF207F96E600F22671 /* Debug */,
				707964B0207F96E600F22671 /* Release */,
			);
			defaultConfigurationIsVisible = 0;
			defaultConfigurationName = Release;
		};
/* End XCConfigurationList section */
	};
	rootObject = 70796474207F96E500F22671 /* Project object */;
}
